
Microsoft Visual Studio Solution File, Format Version 12.00
# Visual Studio Version 16
VisualStudioVersion = 16.0.30011.22
MinimumVisualStudioVersion = 10.0.40219.1
Project("{FAE04EC0-301F-11D3-BF4B-00C04F79EFBC}") = "DeadlockAvoidance", "DeadlockAvoidance\DeadlockAvoidance.csproj", "{58D92B82-A8D5-4454-B1AD-797A614798F4}"
EndProject
Global
	GlobalSection(SolutionConfigurationPlatforms) = preSolution
		Debug|Any CPU = Debug|Any CPU
		Release|Any CPU = Release|Any CPU
	EndGlobalSection
	GlobalSection(ProjectConfigurationPlatforms) = postSolution
		{58D92B82-A8D5-4454-B1AD-797A614798F4}.Debug|Any CPU.ActiveCfg = Debug|Any CPU
		{58D92B82-A8D5-4454-B1AD-797A614798F4}.Debug|Any CPU.Build.0 = Debug|Any CPU
		{58D92B82-A8D5-4454-B1AD-797A614798F4}.Release|Any CPU.ActiveCfg = Release|Any CPU
		{58D92B82-A8D5-4454-B1AD-797A614798F4}.Release|Any CPU.Build.0 = Release|Any CPU
	EndGlobalSection
	GlobalSection(SolutionProperties) = preSolution
		HideSolutionNode = FALSE
	EndGlobalSection
	GlobalSection(ExtensibilityGlobals) = postSolution
		SolutionGuid = {ED546DB5-0D3D-4039-AE9F-82A518842E9E}
	EndGlobalSection
EndGlobal
